
Microsoft Visual Studio Solution File, Format Version 12.00
# Visual Studio Version 16
VisualStudioVersion = 16.0.29326.143
MinimumVisualStudioVersion = 10.0.40219.1
Project("{F184B08F-C81C-45F6-A57F-5ABD9991F28F}") = "Minas", "Minas.vbproj", "{6A54B556-7FDB-416A-BE7C-2E4F68F578F3}"
EndProject
Global
	GlobalSection(SolutionConfigurationPlatforms) = preSolution
		Debug|Any CPU = Debug|Any CPU
		Release|Any CPU = Release|Any CPU
	EndGlobalSection
	GlobalSection(ProjectConfigurationPlatforms) = postSolution
		{6A54B556-7FDB-416A-BE7C-2E4F68F578F3}.Debug|Any CPU.ActiveCfg = Debug|Any CPU
		{6A54B556-7FDB-416A-BE7C-2E4F68F578F3}.Debug|Any CPU.Build.0 = Debug|Any CPU
		{6A54B556-7FDB-416A-BE7C-2E4F68F578F3}.Release|Any CPU.ActiveCfg = Release|Any CPU
		{6A54B556-7FDB-416A-BE7C-2E4F68F578F3}.Release|Any CPU.Build.0 = Release|Any CPU
	EndGlobalSection
	GlobalSection(SolutionProperties) = preSolution
		HideSolutionNode = FALSE
	EndGlobalSection
	GlobalSection(ExtensibilityGlobals) = postSolution
		SolutionGuid = {BCC25154-9A10-4F78-A10D-6868CFDD770A}
	EndGlobalSection
EndGlobal
